
Microsoft Visual Studio Solution File, Format Version 12.00
# Visual Studio Version 16
VisualStudioVersion = 16.0.30204.135
MinimumVisualStudioVersion = 10.0.40219.1
Project("{FAE04EC0-301F-11D3-BF4B-00C04F79EFBC}") = "GLWPFControl_netcore", "GLWPFControl_netcore\GLWPFControl_netcore.csproj", "{8B8E1FCF-53B3-4B84-9AF3-C8F2BFF9BA25}"
EndProject
Project("{FAE04EC0-301F-11D3-BF4B-00C04F79EFBC}") = "Example", "Example\Example.csproj", "{6562BC72-37C9-43DA-A99C-544B3D288348}"
EndProject
Global
	GlobalSection(SolutionConfigurationPlatforms) = preSolution
		Debug|Any CPU = Debug|Any CPU
		Release|Any CPU = Release|Any CPU
	EndGlobalSection
	GlobalSection(ProjectConfigurationPlatforms) = postSolution
		{8B8E1FCF-53B3-4B84-9AF3-C8F2BFF9BA25}.Debug|Any CPU.ActiveCfg = Debug|Any CPU
		{8B8E1FCF-53B3-4B84-9AF3-C8F2BFF9BA25}.Debug|Any CPU.Build.0 = Debug|Any CPU
		{8B8E1FCF-53B3-4B84-9AF3-C8F2BFF9BA25}.Release|Any CPU.ActiveCfg = Release|Any CPU
		{8B8E1FCF-53B3-4B84-9AF3-C8F2BFF9BA25}.Release|Any CPU.Build.0 = Release|Any CPU
		{6562BC72-37C9-43DA-A99C-544B3D288348}.Debug|Any CPU.ActiveCfg = Debug|Any CPU
		{6562BC72-37C9-43DA-A99C-544B3D288348}.Debug|Any CPU.Build.0 = Debug|Any CPU
		{6562BC72-37C9-43DA-A99C-544B3D288348}.Release|Any CPU.ActiveCfg = Release|Any CPU
		{6562BC72-37C9-43DA-A99C-544B3D288348}.Release|Any CPU.Build.0 = Release|Any CPU
	EndGlobalSection
	GlobalSection(SolutionProperties) = preSolution
		HideSolutionNode = FALSE
	EndGlobalSection
	GlobalSection(ExtensibilityGlobals) = postSolution
		SolutionGuid = {93837E78-2ECA-4BF0-BD12-9BB5BDF49DCF}
	EndGlobalSection
EndGlobal
